
Microsoft Visual Studio Solution File, Format Version 12.00
# Visual Studio Version 17
VisualStudioVersion = 17.14.36310.24 d17.14
MinimumVisualStudioVersion = 10.0.40219.1
Project("{FAE04EC0-301F-11D3-BF4B-00C04F79EFBC}") = "OficinaMecanica", "OficinaMecanica.csproj", "{8168746C-3523-45F9-867C-26CCC4BD1413}"
EndProject
Global
	GlobalSection(SolutionConfigurationPlatforms) = preSolution
		Debug|Any CPU = Debug|Any CPU
		Release|Any CPU = Release|Any CPU
	EndGlobalSection
	GlobalSection(ProjectConfigurationPlatforms) = postSolution
		{8168746C-3523-45F9-867C-26CCC4BD1413}.Debug|Any CPU.ActiveCfg = Debug|Any CPU
		{8168746C-3523-45F9-867C-26CCC4BD1413}.Debug|Any CPU.Build.0 = Debug|Any CPU
		{8168746C-3523-45F9-867C-26CCC4BD1413}.Release|Any CPU.ActiveCfg = Release|Any CPU
		{8168746C-3523-45F9-867C-26CCC4BD1413}.Release|Any CPU.Build.0 = Release|Any CPU
	EndGlobalSection
	GlobalSection(SolutionProperties) = preSolution
		HideSolutionNode = FALSE
	EndGlobalSection
	GlobalSection(ExtensibilityGlobals) = postSolution
		SolutionGuid = {315C6494-F2F2-468D-9D14-01DD42D7DB57}
	EndGlobalSection
EndGlobal
